
Microsoft Visual Studio Solution File, Format Version 12.00
# Visual Studio 15
VisualStudioVersion = 15.0.28307.136
MinimumVisualStudioVersion = 10.0.40219.1
Project("{FAE04EC0-301F-11D3-BF4B-00C04F79EFBC}") = "NativeCacheProject", "NativeCacheProject\NativeCacheProject.csproj", "{3DE0E518-3E41-4396-9878-9E1FF051DC1E}"
EndProject
Global
	GlobalSection(SolutionConfigurationPlatforms) = preSolution
		Debug|Any CPU = Debug|Any CPU
		Release|Any CPU = Release|Any CPU
	EndGlobalSection
	GlobalSection(ProjectConfigurationPlatforms) = postSolution
		{3DE0E518-3E41-4396-9878-9E1FF051DC1E}.Debug|Any CPU.ActiveCfg = Debug|Any CPU
		{3DE0E518-3E41-4396-9878-9E1FF051DC1E}.Debug|Any CPU.Build.0 = Debug|Any CPU
		{3DE0E518-3E41-4396-9878-9E1FF051DC1E}.Release|Any CPU.ActiveCfg = Release|Any CPU
		{3DE0E518-3E41-4396-9878-9E1FF051DC1E}.Release|Any CPU.Build.0 = Release|Any CPU
	EndGlobalSection
	GlobalSection(SolutionProperties) = preSolution
		HideSolutionNode = FALSE
	EndGlobalSection
	GlobalSection(ExtensibilityGlobals) = postSolution
		SolutionGuid = {0A7272B9-96BF-487B-A971-2DD502558DD9}
	EndGlobalSection
EndGlobal
